
Microsoft Visual Studio Solution File, Format Version 12.00
# Visual Studio Version 16
VisualStudioVersion = 16.0.34031.81
MinimumVisualStudioVersion = 10.0.40219.1
Project("{FAE04EC0-301F-11D3-BF4B-00C04F79EFBC}") = "DiénachLienKetDon", "DiénachLienKetDon\DiénachLienKetDon.csproj", "{CA34A3AF-E6F7-4247-BF1E-5B1F7FACFFDB}"
EndProject
Global
	GlobalSection(SolutionConfigurationPlatforms) = preSolution
		Debug|Any CPU = Debug|Any CPU
		Release|Any CPU = Release|Any CPU
	EndGlobalSection
	GlobalSection(ProjectConfigurationPlatforms) = postSolution
		{CA34A3AF-E6F7-4247-BF1E-5B1F7FACFFDB}.Debug|Any CPU.ActiveCfg = Debug|Any CPU
		{CA34A3AF-E6F7-4247-BF1E-5B1F7FACFFDB}.Debug|Any CPU.Build.0 = Debug|Any CPU
		{CA34A3AF-E6F7-4247-BF1E-5B1F7FACFFDB}.Release|Any CPU.ActiveCfg = Release|Any CPU
		{CA34A3AF-E6F7-4247-BF1E-5B1F7FACFFDB}.Release|Any CPU.Build.0 = Release|Any CPU
	EndGlobalSection
	GlobalSection(SolutionProperties) = preSolution
		HideSolutionNode = FALSE
	EndGlobalSection
	GlobalSection(ExtensibilityGlobals) = postSolution
		SolutionGuid = {66ED46DD-4D31-42D2-84F6-40AFABCBC05E}
	EndGlobalSection
EndGlobal
